// !$*UTF8*$!
{
	archiveVersion = 1;
	classes = {
	};
	objectVersion = 46;
	objects = {

/* Begin PBXBuildFile section */
		5A07CD5F1B1918C8002DD6EA /* AppDelegate.swift in Sources */ = {isa = PBXBuildFile; fileRef = 5A07CD5E1B1918C8002DD6EA /* AppDelegate.swift */; };
		5A07CD611B1918C8002DD6EA /* ViewController.swift in Sources */ = {isa = PBXBuildFile; fileRef = 5A07CD601B1918C8002DD6EA /* ViewController.swift */; };
		5A07CD641B1918C8002DD6EA /* Main.storyboard in Resources */ = {isa = PBXBuildFile; fileRef = 5A07CD621B1918C8002DD6EA /* Main.storyboard */; };
		5A07CD661B1918C8002DD6EA /* Images.xcassets in Resources */ = {isa = PBXBuildFile; fileRef = 5A07CD651B1918C8002DD6EA /* Images.xcassets */; };
		5A07CD691B1918C8002DD6EA /* LaunchScreen.xib in Resources */ = {isa = PBXBuildFile; fileRef = 5A07CD671B1918C8002DD6EA /* LaunchScreen.xib */; };
		5A07CD751B1918C8002DD6EA /* LionsAndTigersTests.swift in Sources */ = {isa = PBXBuildFile; fileRef = 5A07CD741B1918C8002DD6EA /* LionsAndTigersTests.swift */; };
/* End PBXBuildFile section */

/* Begin PBXContainerItemProxy section */
		5A07CD6F1B1918C8002DD6EA /* PBXContainerItemProxy */ = {
			isa = PBXContainerItemProxy;
			containerPortal = 5A07CD511B1918C8002DD6EA /* Project object */;
			proxyType = 1;
			remoteGlobalIDString = 5A07CD581B1918C8002DD6EA;
			remoteInfo = LionsAndTigers;
		};
/* End PBXContainerItemProxy section */

/* Begin PBXFileReference section */
		5A07CD591B1918C8002DD6EA /* LionsAndTigers.app */ = {isa = PBXFileReference; explicitFileType = wrapper.application; includeInIndex = 0; path = LionsAndTigers.app; sourceTree = BUILT_PRODUCTS_DIR; };
		5A07CD5D1B1918C8002DD6EA /* Info.plist */ = {isa = PBXFileReference; lastKnownFileType = text.plist.xml; path = Info.plist; sourceTree = "<group>"; };
		5A07CD5E1B1918C8002DD6EA /* AppDelegate.swift */ = {isa = PBXFileReference; lastKnownFileType = sourcecode.swift; path = AppDelegate.swift; sourceTree = "<group>"; };
		5A07CD601B1918C8002DD6EA /* ViewController.swift */ = {isa = PBXFileReference; lastKnownFileType = sourcecode.swift; path = ViewController.swift; sourceTree = "<group>"; };
		5A07CD631B1918C8002DD6EA /* Base */ = {isa = PBXFileReference; lastKnownFileType = file.storyboard; name = Base; path = Base.lproj/Main.storyboard; sourceTree = "<group>"; };
		5A07CD651B1918C8002DD6EA /* Images.xcassets */ = {isa = PBXFileReference; lastKnownFileType = folder.assetcatalog; path = Images.xcassets; sourceTree = "<group>"; };
		5A07CD681B1918C8002DD6EA /* Base */ = {isa = PBXFileReference; lastKnownFileType = file.xib; name = Base; path = Base.lproj/LaunchScreen.xib; sourceTree = "<group>"; };
		5A07CD6E1B1918C8002DD6EA /* LionsAndTigersTests.xctest */ = {isa = PBXFileReference; explicitFileType = wrapper.cfbundle; includeInIndex = 0; path = LionsAndTigersTests.xctest; sourceTree = BUILT_PRODUCTS_DIR; };
		5A07CD731B1918C8002DD6EA /* Info.plist */ = {isa = PBXFileReference; lastKnownFileType = text.plist.xml; path = Info.plist; sourceTree = "<group>"; };
		5A07CD741B1918C8002DD6EA /* LionsAndTigersTests.swift */ = {isa = PBXFileReference; lastKnownFileType = sourcecode.swift; path = LionsAndTigersTests.swift; sourceTree = "<group>"; };
/* End PBXFileReference section */

/* Begin PBXFrameworksBuildPhase section */
		5A07CD561B1918C8002DD6EA /* Frameworks */ = {
			isa = PBXFrameworksBuildPhase;
			buildActionMask = 2147483647;
			files = (
			);
			runOnlyForDeploymentPostprocessing = 0;
		};
		5A07CD6B1B1918C8002DD6EA /* Frameworks */ = {
			isa = PBXFrameworksBuildPhase;
			buildActionMask = 2147483647;
			files = (
			);
			runOnlyForDeploymentPostprocessing = 0;
		};
/* End PBXFrameworksBuildPhase section */

/* Begin PBXGroup section */
		5A07CD501B1918C8002DD6EA = {
			isa = PBXGroup;
			children = (
				5A07CD5B1B1918C8002DD6EA /* LionsAndTigers */,
				5A07CD711B1918C8002DD6EA /* LionsAndTigersTests */,
				5A07CD5A1B1918C8002DD6EA /* Products */,
			);
			sourceTree = "<group>";
		};
		5A07CD5A1B1918C8002DD6EA /* Products */ = {
			isa = PBXGroup;
			children = (
				5A07CD591B1918C8002DD6EA /* LionsAndTigers.app */,
				5A07CD6E1B1918C8002DD6EA /* LionsAndTigersTests.xctest */,
			);
			name = Products;
			sourceTree = "<group>";
		};
		5A07CD5B1B1918C8002DD6EA /* LionsAndTigers */ = {
			isa = PBXGroup;
			children = (
				5A07CD5E1B1918C8002DD6EA /* AppDelegate.swift */,
				5A07CD601B1918C8002DD6EA /* ViewController.swift */,
				5A07CD621B1918C8002DD6EA /* Main.storyboard */,
				5A07CD651B1918C8002DD6EA /* Images.xcassets */,
				5A07CD671B1918C8002DD6EA /* LaunchScreen.xib */,
				5A07CD5C1B1918C8002DD6EA /* Supporting Files */,
			);
			path = LionsAndTigers;
			sourceTree = "<group>";
		};
		5A07CD5C1B1918C8002DD6EA /* Supporting Files */ = {
			isa = PBXGroup;
			children = (
				5A07CD5D1B1918C8002DD6EA /* Info.plist */,
			);
			name = "Supporting Files";
			sourceTree = "<group>";
		};
		5A07CD711B1918C8002DD6EA /* LionsAndTigersTests */ = {
			isa = PBXGroup;
			children = (
				5A07CD741B1918C8002DD6EA /* LionsAndTigersTests.swift */,
				5A07CD721B1918C8002DD6EA /* Supporting Files */,
			);
			path = LionsAndTigersTests;
			sourceTree = "<group>";
		};
		5A07CD721B1918C8002DD6EA /* Supporting Files */ = {
			isa = PBXGroup;
			children = (
				5A07CD731B1918C8002DD6EA /* Info.plist */,
			);
			name = "Supporting Files";
			sourceTree = "<group>";
		};
/* End PBXGroup section */

/* Begin PBXNativeTarget section */
		5A07CD581B1918C8002DD6EA /* LionsAndTigers */ = {
			isa = PBXNativeTarget;
			buildConfigurationList = 5A07CD781B1918C8002DD6EA /* Build configuration list for PBXNativeTarget "LionsAndTigers" */;
			buildPhases = (
				5A07CD551B1918C8002DD6EA /* Sources */,
				5A07CD561B1918C8002DD6EA /* Frameworks */,
				5A07CD571B1918C8002DD6EA /* Resources */,
			);
			buildRules = (
			);
			dependencies = (
			);
			name = LionsAndTigers;
			productName = LionsAndTigers;
			productReference = 5A07CD591B1918C8002DD6EA /* LionsAndTigers.app */;
			productType = "com.apple.product-type.application";
		};
		5A07CD6D1B1918C8002DD6EA /* LionsAndTigersTests */ = {
			isa = PBXNativeTarget;
			buildConfigurationList = 5A07CD7B1B1918C8002DD6EA /* Build configuration list for PBXNativeTarget "LionsAndTigersTests" */;
			buildPhases = (
				5A07CD6A1B1918C8002DD6EA /* Sources */,
				5A07CD6B1B1918C8002DD6EA /* Frameworks */,
				5A07CD6C1B1918C8002DD6EA /* Resources */,
			);
			buildRules = (
			);
			dependencies = (
				5A07CD701B1918C8002DD6EA /* PBXTargetDependency */,
			);
			name = LionsAndTigersTests;
			productName = LionsAndTigersTests;
			productReference = 5A07CD6E1B1918C8002DD6EA /* LionsAndTigersTests.xctest */;
			productType = "com.apple.product-type.bundle.unit-test";
		};
/* End PBXNativeTarget section */

/* Begin PBXProject section */
		5A07CD511B1918C8002DD6EA /* Project object */ = {
			isa = PBXProject;
			attributes = {
				LastUpgradeCheck = 0630;
				ORGANIZATIONNAME = rjd;
				TargetAttributes = {
					5A07CD581B1918C8002DD6EA = {
						CreatedOnToolsVersion = 6.3.2;
					};
					5A07CD6D1B1918C8002DD6EA = {
						CreatedOnToolsVersion = 6.3.2;
						TestTargetID = 5A07CD581B1918C8002DD6EA;
					};
				};
			};
			buildConfigurationList = 5A07CD541B1918C8002DD6EA /* Build configuration list for PBXProject "LionsAndTigers" */;
			compatibilityVersion = "Xcode 3.2";
			developmentRegion = English;
			hasScannedForEncodings = 0;
			knownRegions = (
				en,
				Base,
			);
			mainGroup = 5A07CD501B1918C8002DD6EA;
			productRefGroup = 5A07CD5A1B1918C8002DD6EA /* Products */;
			projectDirPath = "";
			projectRoot = "";
			targets = (
				5A07CD581B1918C8002DD6EA /* LionsAndTigers */,
				5A07CD6D1B1918C8002DD6EA /* LionsAndTigersTests */,
			);
		};
/* End PBXProject section */

/* Begin PBXResourcesBuildPhase section */
		5A07CD571B1918C8002DD6EA /* Resources */ = {
			isa = PBXResourcesBuildPhase;
			buildActionMask = 2147483647;
			files = (
				5A07CD641B1918C8002DD6EA /* Main.storyboard in Resources */,
				5A07CD691B1918C8002DD6EA /* LaunchScreen.xib in Resources */,
				5A07CD661B1918C8002DD6EA /* Images.xcassets in Resources */,
			);
			runOnlyForDeploymentPostprocessing = 0;
		};
		5A07CD6C1B1918C8002DD6EA /* Resources */ = {
			isa = PBXResourcesBuildPhase;
			buildActionMask = 2147483647;
			files = (
			);
			runOnlyForDeploymentPostprocessing = 0;
		};
/* End PBXResourcesBuildPhase section */

/* Begin PBXSourcesBuildPhase section */
		5A07CD551B1918C8002DD6EA /* Sources */ = {
			isa = PBXSourcesBuildPhase;
			buildActionMask = 2147483647;
			files = (
				5A07CD611B1918C8002DD6EA /* ViewController.swift in Sources */,
				5A07CD5F1B1918C8002DD6EA /* AppDelegate.swift in Sources */,
			);
			runOnlyForDeploymentPostprocessing = 0;
		};
		5A07CD6A1B1918C8002DD6EA /* Sources */ = {
			isa = PBXSourcesBuildPhase;
			buildActionMask = 2147483647;
			files = (
				5A07CD751B1918C8002DD6EA /* LionsAndTigersTests.swift in Sources */,
			);
			runOnlyForDeploymentPostprocessing = 0;
		};
/* End PBXSourcesBuildPhase section */

/* Begin PBXTargetDependency section */
		5A07CD701B1918C8002DD6EA /* PBXTargetDependency */ = {
			isa = PBXTargetDependency;
			target = 5A07CD581B1918C8002DD6EA /* LionsAndTigers */;
			targetProxy = 5A07CD6F1B1918C8002DD6EA /* PBXContainerItemProxy */;
		};
/* End PBXTargetDependency section */

/* Begin PBXVariantGroup section */
		5A07CD621B1918C8002DD6EA /* Main.storyboard */ = {
			isa = PBXVariantGroup;
			children = (
				5A07CD631B1918C8002DD6EA /* Base */,
			);
			name = Main.storyboard;
			sourceTree = "<group>";
		};
		5A07CD671B1918C8002DD6EA /* LaunchScreen.xib */ = {
			isa = PBXVariantGroup;
			children = (
				5A07CD681B1918C8002DD6EA /* Base */,
			);
			name = LaunchScreen.xib;
			sourceTree = "<group>";
		};
/* End PBXVariantGroup section */

/* Begin XCBuildConfiguration section */
		5A07CD761B1918C8002DD6EA /* Debug */ = {
			isa = XCBuildConfiguration;
			buildSettings = {
				ALWAYS_SEARCH_USER_PATHS = NO;
				CLANG_CXX_LANGUAGE_STANDARD = "gnu++0x";
				CLANG_CXX_LIBRARY = "libc++";
				CLANG_ENABLE_MODULES = YES;
				CLANG_ENABLE_OBJC_ARC = YES;
				CLANG_WARN_BOOL_CONVERSION = YES;
				CLANG_WARN_CONSTANT_CONVERSION = YES;
				CLANG_WARN_DIRECT_OBJC_ISA_USAGE = YES_ERROR;
				CLANG_WARN_EMPTY_BODY = YES;
				CLANG_WARN_ENUM_CONVERSION = YES;
				CLANG_WARN_INT_CONVERSION = YES;
				CLANG_WARN_OBJC_ROOT_CLASS = YES_ERROR;
				CLANG_WARN_UNREACHABLE_CODE = YES;
				CLANG_WARN__DUPLICATE_METHOD_MATCH = YES;
				"CODE_SIGN_IDENTITY[sdk=iphoneos*]" = "iPhone Developer";
				COPY_PHASE_STRIP = NO;
				DEBUG_INFORMATION_FORMAT = "dwarf-with-dsym";
				ENABLE_STRICT_OBJC_MSGSEND = YES;
				GCC_C_LANGUAGE_STANDARD = gnu99;
				GCC_DYNAMIC_NO_PIC = NO;
				GCC_NO_COMMON_BLOCKS = YES;
				GCC_OPTIMIZATION_LEVEL = 0;
				GCC_PREPROCESSOR_DEFINITIONS = (
					"DEBUG=1",
					"$(inherited)",
				);
				GCC_SYMBOLS_PRIVATE_EXTERN = NO;
				GCC_WARN_64_TO_32_BIT_CONVERSION = YES;
				GCC_WARN_ABOUT_RETURN_TYPE = YES_ERROR;
				GCC_WARN_UNDECLARED_SELECTOR = YES;
				GCC_WARN_UNINITIALIZED_AUTOS = YES_AGGRESSIVE;
				GCC_WARN_UNUSED_FUNCTION = YES;
				GCC_WARN_UNUSED_VARIABLE = YES;
				IPHONEOS_DEPLOYMENT_TARGET = 8.3;
				MTL_ENABLE_DEBUG_INFO = YES;
				ONLY_ACTIVE_ARCH = YES;
				SDKROOT = iphoneos;
				SWIFT_OPTIMIZATION_LEVEL = "-Onone";
				TARGETED_DEVICE_FAMILY = "1,2";
			};
			name = Debug;
		};
		5A07CD771B1918C8002DD6EA /* Release */ = {
			isa = XCBuildConfiguration;
			buildSettings = {
				ALWAYS_SEARCH_USER_PATHS = NO;
				CLANG_CXX_LANGUAGE_STANDARD = "gnu++0x";
				CLANG_CXX_LIBRARY = "libc++";
				CLANG_ENABLE_MODULES = YES;
				CLANG_ENABLE_OBJC_ARC = YES;
				CLANG_WARN_BOOL_CONVERSION = YES;
				CLANG_WARN_CONSTANT_CONVERSION = YES;
				CLANG_WARN_DIRECT_OBJC_ISA_USAGE = YES_ERROR;
				CLANG_WARN_EMPTY_BODY = YES;
				CLANG_WARN_ENUM_CONVERSION = YES;
				CLANG_WARN_INT_CONVERSION = YES;
				CLANG_WARN_OBJC_ROOT_CLASS = YES_ERROR;
				CLANG_WARN_UNREACHABLE_CODE = YES;
				CLANG_WARN__DUPLICATE_METHOD_MATCH = YES;
				"CODE_SIGN_IDENTITY[sdk=iphoneos*]" = "iPhone Developer";
				COPY_PHASE_STRIP = NO;
				DEBUG_INFORMATION_FORMAT = "dwarf-with-dsym";
				ENABLE_NS_ASSERTIONS = NO;
				ENABLE_STRICT_OBJC_MSGSEND = YES;
				GCC_C_LANGUAGE_STANDARD = gnu99;
				GCC_NO_COMMON_BLOCKS = YES;
				GCC_WARN_64_TO_32_BIT_CONVERSION = YES;
				GCC_WARN_ABOUT_RETURN_TYPE = YES_ERROR;
				GCC_WARN_UNDECLARED_SELECTOR = YES;
				GCC_WARN_UNINITIALIZED_AUTOS = YES_AGGRESSIVE;
				GCC_WARN_UNUSED_FUNCTION = YES;
				GCC_WARN_UNUSED_VARIABLE = YES;
				IPHONEOS_DEPLOYMENT_TARGET = 8.3;
				MTL_ENABLE_DEBUG_INFO = NO;
				SDKROOT = iphoneos;
				TARGETED_DEVICE_FAMILY = "1,2";
				VALIDATE_PRODUCT = YES;
			};
			name = Release;
		};
		5A07CD791B1918C8002DD6EA /* Debug */ = {
			isa = XCBuildConfiguration;
			buildSettings = {
				ASSETCATALOG_COMPILER_APPICON_NAME = AppIcon;
				INFOPLIST_FILE = LionsAndTigers/Info.plist;
				LD_RUNPATH_SEARCH_PATHS = "$(inherited) @executable_path/Frameworks";
				PRODUCT_NAME = "$(TARGET_NAME)";
			};
			name = Debug;
		};
		5A07CD7A1B1918C8002DD6EA /* Release */ = {
			isa = XCBuildConfiguration;
			buildSettings = {
				ASSETCATALOG_COMPILER_APPICON_NAME = AppIcon;
				INFOPLIST_FILE = LionsAndTigers/Info.plist;
				LD_RUNPATH_SEARCH_PATHS = "$(inherited) @executable_path/Frameworks";
				PRODUCT_NAME = "$(TARGET_NAME)";
			};
			name = Release;
		};
		5A07CD7C1B1918C8002DD6EA /* Debug */ = {
			isa = XCBuildConfiguration;
			buildSettings = {
				BUNDLE_LOADER = "$(TEST_HOST)";
				FRAMEWORK_SEARCH_PATHS = (
					"$(SDKROOT)/Developer/Library/Frameworks",
					"$(inherited)",
				);
				GCC_PREPROCESSOR_DEFINITIONS = (
					"DEBUG=1",
					"$(inherited)",
				);
				INFOPLIST_FILE = LionsAndTigersTests/Info.plist;
				LD_RUNPATH_SEARCH_PATHS = "$(inherited) @executable_path/Frameworks @loader_path/Frameworks";
				PRODUCT_NAME = "$(TARGET_NAME)";
				TEST_HOST = "$(BUILT_PRODUCTS_DIR)/LionsAndTigers.app/LionsAndTigers";
			};
			name = Debug;
		};
		5A07CD7D1B1918C8002DD6EA /* Release */ = {
			isa = XCBuildConfiguration;
			buildSettings = {
				BUNDLE_LOADER = "$(TEST_HOST)";
				FRAMEWORK_SEARCH_PATHS = (
					"$(SDKROOT)/Developer/Library/Frameworks",
					"$(inherited)",
				);
				INFOPLIST_FILE = LionsAndTigersTests/Info.plist;
				LD_RUNPATH_SEARCH_PATHS = "$(inherited) @executable_path/Frameworks @loader_path/Frameworks";
				PRODUCT_NAME = "$(TARGET_NAME)";
				TEST_HOST = "$(BUILT_PRODUCTS_DIR)/LionsAndTigers.app/LionsAndTigers";
			};
			name = Release;
		};
/* End XCBuildConfiguration section */

/* Begin XCConfigurationList section */
		5A07CD541B1918C8002DD6EA /* Build configuration list for PBXProject "LionsAndTigers" */ = {
			isa = XCConfigurationList;
			buildConfigurations = (
				5A07CD761B1918C8002DD6EA /* Debug */,
				5A07CD771B1918C8002DD6EA /* Release */,
			);
			defaultConfigurationIsVisible = 0;
			defaultConfigurationName = Release;
		};
		5A07CD781B1918C8002DD6EA /* Build configuration list for PBXNativeTarget "LionsAndTigers" */ = {
			isa = XCConfigurationList;
			buildConfigurations = (
				5A07CD791B1918C8002DD6EA /* Debug */,
				5A07CD7A1B1918C8002DD6EA /* Release */,
			);
			defaultConfigurationIsVisible = 0;
		};
		5A07CD7B1B1918C8002DD6EA /* Build configuration list for PBXNativeTarget "LionsAndTigersTests" */ = {
			isa = XCConfigurationList;
			buildConfigurations = (
				5A07CD7C1B1918C8002DD6EA /* Debug */,
				5A07CD7D1B1918C8002DD6EA /* Release */,
			);
			defaultConfigurationIsVisible = 0;
		};
/* End XCConfigurationList section */
	};
	rootObject = 5A07CD511B1918C8002DD6EA /* Project object */;
}
